{
  "name": "crypto-price-monitor",
  "version": "1.0.4",
  "lockfileVersion": 1,
  "requires": true,
  "dependencies": {
    "@types/node": {
      "version": "8.10.51",
      "resolved": "https://registry.npmjs.org/@types/node/-/node-8.10.51.tgz",
      "integrity": "sha512-cArrlJp3Yv6IyFT/DYe+rlO8o3SIHraALbBW/+CcCYW/a9QucpLI+n2p4sRxAvl2O35TiecpX2heSZtJjvEO+Q=="
    },
    "accounting": {
      "version": "0.4.1",
      "resolved": "https://registry.npmjs.org/accounting/-/accounting-0.4.1.tgz",
      "integrity": "sha1-h91BA+/39EYPHhhvXGd+1s9WaIM="
    },
    "ajv": {
      "version": "6.10.2",
      "resolved": "https://registry.npmjs.org/ajv/-/ajv-6.10.2.tgz",
      "integrity": "sha512-TXtUUEYHuaTEbLZWIKUr5pmBuhDLy+8KYtPYdcV8qC+pOZL+NKqYwvWSRrVXHn+ZmRRAu8vJTAznH7Oag6RVRw==",
      "requires": {
        "fast-deep-equal": "^2.0.1",
        "fast-json-stable-stringify": "^2.0.0",
        "json-schema-traverse": "^0.4.1",
        "uri-js": "^4.2.2"
      }
    },
    "ansi": {
      "version": "0.3.1",
      "resolved": "https://registry.npmjs.org/ansi/-/ansi-0.3.1.tgz",
      "integrity": "sha1-DELU+xcWDVqa8eSEus4cZpIsGyE=",
      "optional": true
    },
    "ansi-regex": {
      "version": "4.1.0",
      "resolved": "https://registry.npmjs.org/ansi-regex/-/ansi-regex-4.1.0.tgz",
      "integrity": "sha512-1apePfXM1UOSqw0o9IiFAovVz9M5S1Dg+4TrDwfMewQ6p/rmMueb7tWZjQ1rx4Loy1ArBggoqGpfqqdI4rondg=="
    },
    "ansi-styles": {
      "version": "3.2.1",
      "resolved": "https://registry.npmjs.org/ansi-styles/-/ansi-styles-3.2.1.tgz",
      "integrity": "sha512-VT0ZI6kZRdTh8YyJw3SMbYm/u+NqfsAxEpWO0Pf9sq8/e94WxxOpPKx9FR1FlyCtOVDNOQ+8ntlqFxiRc+r5qA==",
      "requires": {
        "color-convert": "^1.9.0"
      }
    },
    "ansicolor": {
      "version": "1.1.92",
      "resolved": "https://registry.npmjs.org/ansicolor/-/ansicolor-1.1.92.tgz",
      "integrity": "sha512-2jRpULfLpLvFeYYxIu1z6i0LQ4Khj/UxecsrdJ+837P0AVOW3smdKHpHmeKVYHZPG67o3jQFdMjNvPwktwPmZg=="
    },
    "as-table": {
      "version": "1.0.52",
      "resolved": "https://registry.npmjs.org/as-table/-/as-table-1.0.52.tgz",
      "integrity": "sha512-Lw3OjVL9BDGSrU6RoK5aTm79SnrDY0Zvucxc+oOTqZrC2Sw575IhkOTPtvpzviliL/WJaCSWzJdKFdYeI+8wFg==",
      "requires": {
        "printable-characters": "^1.0.42"
      }
    },
    "astral-regex": {
      "version": "1.0.0",
      "resolved": "https://registry.npmjs.org/astral-regex/-/astral-regex-1.0.0.tgz",
      "integrity": "sha512-+Ryf6g3BKoRc7jfp7ad8tM4TtMiaWvbF/1/sQcZPkkS7ag3D5nMBCe2UfOTONtAkaG0tO0ij3C5Lwmf1EiyjHg=="
    },
    "balanced-match": {
      "version": "1.0.0",
      "resolved": "https://registry.npmjs.org/balanced-match/-/balanced-match-1.0.0.tgz",
      "integrity": "sha1-ibTRmasr7kneFk6gK4nORi1xt2c="
    },
    "brace-expansion": {
      "version": "1.1.11",
      "resolved": "https://registry.npmjs.org/brace-expansion/-/brace-expansion-1.1.11.tgz",
      "integrity": "sha512-iCuPHDFgrHX7H2vEI/5xpz07zSHB00TpugqhmYtVmMO6518mCuRMoOYFldEBl0g187ufozdaHgWKcYFb61qGiA==",
      "requires": {
        "balanced-match": "^1.0.0",
        "concat-map": "0.0.1"
      }
    },
    "coingecko-api": {
      "version": "1.0.5",
      "resolved": "https://registry.npmjs.org/coingecko-api/-/coingecko-api-1.0.5.tgz",
      "integrity": "sha512-1RXsgGu71HQg+ciVcyxDFwU9TU4vXRa391TWzHLGikRAomUJc7KWUDx/UukZ9PkoLAexGy11F5XXdAEUzmVgGw=="
    },
    "color-convert": {
      "version": "1.9.3",
      "resolved": "https://registry.npmjs.org/color-convert/-/color-convert-1.9.3.tgz",
      "integrity": "sha512-QfAUtd+vFdAtFQcC8CCyYt1fYWxSqAiK2cSD6zDB8N3cpsEBAvRxp9zOGg6G/SHHJYAT88/az/IuDGALsNVbGg==",
      "requires": {
        "color-name": "1.1.3"
      }
    },
    "color-name": {
      "version": "1.1.3",
      "resolved": "https://registry.npmjs.org/color-name/-/color-name-1.1.3.tgz",
      "integrity": "sha1-p9BVi9icQveV3UIyj3QIMcpTvCU="
    },
    "concat-map": {
      "version": "0.0.1",
      "resolved": "https://registry.npmjs.org/concat-map/-/concat-map-0.0.1.tgz",
      "integrity": "sha1-2Klr13/Wjfd5OnMDajug1UBdR3s="
    },
    "cross-spawn": {
      "version": "6.0.5",
      "resolved": "https://registry.npmjs.org/cross-spawn/-/cross-spawn-6.0.5.tgz",
      "integrity": "sha512-eTVLrBSt7fjbDygz805pMnstIs2VTBNkRm0qxZd+M7A5XDdxVRWO5MxGBXZhjY4cqLYLdtrGqRf8mBPmzwSpWQ==",
      "requires": {
        "nice-try": "^1.0.4",
        "path-key": "^2.0.1",
        "semver": "^5.5.0",
        "shebang-command": "^1.2.0",
        "which": "^1.2.9"
      }
    },
    "currency-formatter": {
      "version": "1.5.4",
      "resolved": "https://registry.npmjs.org/currency-formatter/-/currency-formatter-1.5.4.tgz",
      "integrity": "sha512-8qyGfrJO2ulabrlP4AidcV4kXpuTMqWJ61NW16QK3u+1L/9R0x7XM4f4hQ8HVlJyzBcxJV4SZMYx7zYoAhpArA==",
      "requires": {
        "accounting": "^0.4.1",
        "locale-currency": "0.0.2",
        "object-assign": "^4.1.1"
      }
    },
    "dargs": {
      "version": "6.1.0",
      "resolved": "https://registry.npmjs.org/dargs/-/dargs-6.1.0.tgz",
      "integrity": "sha512-5dVBvpBLBnPwSsYXqfybFyehMmC/EenKEcf23AhCTgTf48JFBbmJKqoZBsERDnjL0FyiVTYWdFsRfTLHxLyKdQ=="
    },
    "data-uri-to-buffer": {
      "version": "2.0.1",
      "resolved": "https://registry.npmjs.org/data-uri-to-buffer/-/data-uri-to-buffer-2.0.1.tgz",
      "integrity": "sha512-OkVVLrerfAKZlW2ZZ3Ve2y65jgiWqBKsTfUIAFbn8nVbPcCZg6l6gikKlEYv0kXcmzqGm6mFq/Jf2vriuEkv8A==",
      "requires": {
        "@types/node": "^8.0.7"
      }
    },
    "debug": {
      "version": "4.1.1",
      "resolved": "https://registry.npmjs.org/debug/-/debug-4.1.1.tgz",
      "integrity": "sha512-pYAIzeRo8J6KPEaJ0VWOh5Pzkbw/RetuzehGM7QRRX5he4fPHx2rdKMB256ehJCkX+XRQm16eZLqLNS8RSZXZw==",
      "requires": {
        "ms": "^2.1.1"
      }
    },
    "emoji-regex": {
      "version": "7.0.3",
      "resolved": "https://registry.npmjs.org/emoji-regex/-/emoji-regex-7.0.3.tgz",
      "integrity": "sha512-CwBLREIQ7LvYFB0WyRvwhq5N5qPhc6PMjD6bYggFlI5YyDgl+0vxq5VHbMOFqLg7hfWzmu8T5Z1QofhmTIhItA=="
    },
    "end-of-stream": {
      "version": "1.4.1",
      "resolved": "https://registry.npmjs.org/end-of-stream/-/end-of-stream-1.4.1.tgz",
      "integrity": "sha512-1MkrZNvWTKCaigbn+W15elq2BB/L22nqrSY5DKlo3X6+vclJm8Bb5djXJBmEX6fS3+zCh/F4VBK5Z2KxJt4s2Q==",
      "requires": {
        "once": "^1.4.0"
      }
    },
    "execa": {
      "version": "1.0.0",
      "resolved": "https://registry.npmjs.org/execa/-/execa-1.0.0.tgz",
      "integrity": "sha512-adbxcyWV46qiHyvSp50TKt05tB4tK3HcmF7/nxfAdhnox83seTDbwnaqKO4sXRy7roHAIFqJP/Rw/AuEbX61LA==",
      "requires": {
        "cross-spawn": "^6.0.0",
        "get-stream": "^4.0.0",
        "is-stream": "^1.1.0",
        "npm-run-path": "^2.0.0",
        "p-finally": "^1.0.0",
        "signal-exit": "^3.0.0",
        "strip-eof": "^1.0.0"
      }
    },
    "fast-deep-equal": {
      "version": "2.0.1",
      "resolved": "https://registry.npmjs.org/fast-deep-equal/-/fast-deep-equal-2.0.1.tgz",
      "integrity": "sha1-ewUhjd+WZ79/Nwv3/bLLFf3Qqkk="
    },
    "fast-json-stable-stringify": {
      "version": "2.0.0",
      "resolved": "https://registry.npmjs.org/fast-json-stable-stringify/-/fast-json-stable-stringify-2.0.0.tgz",
      "integrity": "sha1-1RQsDK7msRifh9OnYREGT4bIu/I="
    },
    "fs.realpath": {
      "version": "1.0.0",
      "resolved": "https://registry.npmjs.org/fs.realpath/-/fs.realpath-1.0.0.tgz",
      "integrity": "sha1-FQStJSMVjKpA20onh8sBQRmU6k8="
    },
    "get-cursor-position": {
      "version": "git+https://github.com/ourarash/get-cursor-position.git#cbdc2edaa293d256bda4b298f7bb52f0a920ee55",
      "from": "git+https://github.com/ourarash/get-cursor-position.git",
      "optional": true
    },
    "get-source": {
      "version": "1.0.37",
      "resolved": "https://registry.npmjs.org/get-source/-/get-source-1.0.37.tgz",
      "integrity": "sha512-Q0YbhnCgvqFe3OTuxkNvWCM+22O4hkx7D0g8em7iFW4vmw/TiX8dhsFIaP6yRkyN9ETHgzU190L3keCg2MADtg==",
      "requires": {
        "data-uri-to-buffer": "^2.0.0",
        "source-map": "^0.6.1"
      }
    },
    "get-stream": {
      "version": "4.1.0",
      "resolved": "https://registry.npmjs.org/get-stream/-/get-stream-4.1.0.tgz",
      "integrity": "sha512-GMat4EJ5161kIy2HevLlr4luNjBgvmj413KaQA7jt4V8B4RDsfpHk7WQ9GVqfYyyx8OS/L66Kox+rJRNklLK7w==",
      "requires": {
        "pump": "^3.0.0"
      }
    },
    "glob": {
      "version": "7.1.4",
      "resolved": "https://registry.npmjs.org/glob/-/glob-7.1.4.tgz",
      "integrity": "sha512-hkLPepehmnKk41pUGm3sYxoFs/umurYfYJCerbXEyFIWcAzvpipAgVkBqqT9RBKMGjnq6kMuyYwha6csxbiM1A==",
      "requires": {
        "fs.realpath": "^1.0.0",
        "inflight": "^1.0.4",
        "inherits": "2",
        "minimatch": "^3.0.4",
        "once": "^1.3.0",
        "path-is-absolute": "^1.0.0"
      }
    },
    "has-termux-api": {
      "version": "1.0.0",
      "resolved": "https://registry.npmjs.org/has-termux-api/-/has-termux-api-1.0.0.tgz",
      "integrity": "sha1-tAXOPgVBdlHcGTqpV2Ae+09aQjE="
    },
    "inflight": {
      "version": "1.0.6",
      "resolved": "https://registry.npmjs.org/inflight/-/inflight-1.0.6.tgz",
      "integrity": "sha1-Sb1jMdfQLQwJvJEKEHW6gWW1bfk=",
      "requires": {
        "once": "^1.3.0",
        "wrappy": "1"
      }
    },
    "inherits": {
      "version": "2.0.4",
      "resolved": "https://registry.npmjs.org/inherits/-/inherits-2.0.4.tgz",
      "integrity": "sha512-k/vGaX4/Yla3WzyMCvTQOXYeIHvqOKtnqBduzTHpzpQZzAskKMhZ2K+EnBiSM9zGSoIFeMpXKxa4dYeZIQqewQ=="
    },
    "is-fullwidth-code-point": {
      "version": "2.0.0",
      "resolved": "https://registry.npmjs.org/is-fullwidth-code-point/-/is-fullwidth-code-point-2.0.0.tgz",
      "integrity": "sha1-o7MKXE8ZkYMWeqq5O+764937ZU8="
    },
    "is-stream": {
      "version": "1.1.0",
      "resolved": "https://registry.npmjs.org/is-stream/-/is-stream-1.1.0.tgz",
      "integrity": "sha1-EtSj3U5o4Lec6428hBc66A2RykQ="
    },
    "isexe": {
      "version": "2.0.0",
      "resolved": "https://registry.npmjs.org/isexe/-/isexe-2.0.0.tgz",
      "integrity": "sha1-6PvzdNxVb/iUehDcsFctYz8s+hA="
    },
    "json-schema-traverse": {
      "version": "0.4.1",
      "resolved": "https://registry.npmjs.org/json-schema-traverse/-/json-schema-traverse-0.4.1.tgz",
      "integrity": "sha512-xbbCH5dCYU5T8LcEhhuh7HJ88HXuW3qsI3Y0zOZFKfZEHcpWiHU/Jxzk629Brsab/mMiHQti9wMP+845RPe3Vg=="
    },
    "keypress": {
      "version": "0.2.1",
      "resolved": "https://registry.npmjs.org/keypress/-/keypress-0.2.1.tgz",
      "integrity": "sha1-HoBFQlABjbrUw/6USX1uZ7YmnHc=",
      "optional": true
    },
    "locale-currency": {
      "version": "0.0.2",
      "resolved": "https://registry.npmjs.org/locale-currency/-/locale-currency-0.0.2.tgz",
      "integrity": "sha1-4skGB1Y85HpZ+VWeRacOJOTbS20="
    },
    "lodash": {
      "version": "4.17.15",
      "resolved": "https://registry.npmjs.org/lodash/-/lodash-4.17.15.tgz",
      "integrity": "sha512-8xOcRHvCjnocdS5cpwXQXVzmmh5e5+saE2QGoeQmbKmRS6J3VQppPOIt0MnmE+4xlZoumy0GPG0D0MVIQbNA1A=="
    },
    "log-with-statusbar": {
      "version": "1.1.15",
      "resolved": "https://registry.npmjs.org/log-with-statusbar/-/log-with-statusbar-1.1.15.tgz",
      "integrity": "sha512-u2PMeKFEb6+hCkBB/Sqsnl4+Xw1bXZZXKD8tfsaHWoghAnVpPeVZOMHoJZFPvUWz1Zzg6xyPZkX4gxzCDryQsA==",
      "optional": true,
      "requires": {
        "ansi": "^0.3.1",
        "ansicolor": "^1.1.89",
        "get-cursor-position": "git+https://github.com/ourarash/get-cursor-position.git",
        "keypress": "^0.2.1",
        "ololog": "^1.1.131",
        "progress-string": "^1.2.2"
      }
    },
    "minimatch": {
      "version": "3.0.4",
      "resolved": "https://registry.npmjs.org/minimatch/-/minimatch-3.0.4.tgz",
      "integrity": "sha512-yJHVQEhyqPLUTgt9B83PXu6W3rx4MvvHvSUvToogpwoGDOUQ+yDrR0HRot+yOCdCO7u4hX3pWft6kWBBcqh0UA==",
      "requires": {
        "brace-expansion": "^1.1.7"
      }
    },
    "moment": {
      "version": "2.24.0",
      "resolved": "https://registry.npmjs.org/moment/-/moment-2.24.0.tgz",
      "integrity": "sha512-bV7f+6l2QigeBBZSM/6yTNq4P2fNpSWj/0e7jQcy87A8e7o2nAfP/34/2ky5Vw4B9S446EtIhodAzkFCcR4dQg=="
    },
    "mri": {
      "version": "1.1.4",
      "resolved": "https://registry.npmjs.org/mri/-/mri-1.1.4.tgz",
      "integrity": "sha512-6y7IjGPm8AzlvoUrwAaw1tLnUBudaS3752vcd8JtrpGGQn+rXIe63LFVHm/YMwtqAuh+LJPCFdlLYPWM1nYn6w=="
    },
    "ms": {
      "version": "2.1.2",
      "resolved": "https://registry.npmjs.org/ms/-/ms-2.1.2.tgz",
      "integrity": "sha512-sGkPx+VjMtmA6MX27oA4FBFELFCZZ4S4XqeGOXCv68tT+jb3vk/RyaKWP0PTKyWtmLSM0b+adUTEvbs1PEaH2w=="
    },
    "nice-try": {
      "version": "1.0.5",
      "resolved": "https://registry.npmjs.org/nice-try/-/nice-try-1.0.5.tgz",
      "integrity": "sha512-1nh45deeb5olNY7eX82BkPO7SSxR5SSYJiPTrTdFUVYwAl8CKMA5N9PjTYkHiRjisVcxcQ1HXdLhx2qxxJzLNQ=="
    },
    "npm-run-path": {
      "version": "2.0.2",
      "resolved": "https://registry.npmjs.org/npm-run-path/-/npm-run-path-2.0.2.tgz",
      "integrity": "sha1-NakjLfo11wZ7TLLd8jV7GHFTbF8=",
      "requires": {
        "path-key": "^2.0.0"
      }
    },
    "numeral": {
      "version": "2.0.6",
      "resolved": "https://registry.npmjs.org/numeral/-/numeral-2.0.6.tgz",
      "integrity": "sha1-StCAk21EPCVhrtnyGX7//iX05QY="
    },
    "object-assign": {
      "version": "4.1.1",
      "resolved": "https://registry.npmjs.org/object-assign/-/object-assign-4.1.1.tgz",
      "integrity": "sha1-IQmtx5ZYh8/AXLvUQsrIv7s2CGM="
    },
    "ololog": {
      "version": "1.1.144",
      "resolved": "https://registry.npmjs.org/ololog/-/ololog-1.1.144.tgz",
      "integrity": "sha512-n9hIuba9b85qB6T34tB1NtdIkWtnLQ6LEs31Ejav1zqNOoW3oANzobLpmij0E1afiVO+v3ZXdQjvQxnIo4gWsA==",
      "requires": {
        "ansicolor": "^1.1.84",
        "pipez": "^1.1.12",
        "printable-characters": "^1.0.42",
        "stacktracey": "^1.2.112",
        "string.bullet": "^1.0.12",
        "string.ify": "^1.0.57"
      }
    },
    "once": {
      "version": "1.4.0",
      "resolved": "https://registry.npmjs.org/once/-/once-1.4.0.tgz",
      "integrity": "sha1-WDsap3WWHUsROsF9nFC6753Xa9E=",
      "requires": {
        "wrappy": "1"
      }
    },
    "p-finally": {
      "version": "1.0.0",
      "resolved": "https://registry.npmjs.org/p-finally/-/p-finally-1.0.0.tgz",
      "integrity": "sha1-P7z7FbiZpEEjs0ttzBi3JDNqLK4="
    },
    "path-is-absolute": {
      "version": "1.0.1",
      "resolved": "https://registry.npmjs.org/path-is-absolute/-/path-is-absolute-1.0.1.tgz",
      "integrity": "sha1-F0uSaHNVNP+8es5r9TpanhtcX18="
    },
    "path-key": {
      "version": "2.0.1",
      "resolved": "https://registry.npmjs.org/path-key/-/path-key-2.0.1.tgz",
      "integrity": "sha1-QRyttXTFoUDTpLGRDUDYDMn0C0A="
    },
    "pipez": {
      "version": "1.1.12",
      "resolved": "https://registry.npmjs.org/pipez/-/pipez-1.1.12.tgz",
      "integrity": "sha1-s1nOVAHpNfEp+koJT83omvuENtg="
    },
    "printable-characters": {
      "version": "1.0.42",
      "resolved": "https://registry.npmjs.org/printable-characters/-/printable-characters-1.0.42.tgz",
      "integrity": "sha1-Pxjpd6m9jrN/zE/1ZZ176Qhos9g="
    },
    "progress-string": {
      "version": "1.2.2",
      "resolved": "https://registry.npmjs.org/progress-string/-/progress-string-1.2.2.tgz",
      "integrity": "sha512-JymvIR4IJ0qTyma7ExefBeJGp2IGaXYGWv8Z//Jq+AhrCd0uKlMPK9IWJ0LL6zbXbAN8fhLe1TL1hl1ZKOljDw==",
      "optional": true
    },
    "pump": {
      "version": "3.0.0",
      "resolved": "https://registry.npmjs.org/pump/-/pump-3.0.0.tgz",
      "integrity": "sha512-LwZy+p3SFs1Pytd/jYct4wpv49HiYCqd9Rlc5ZVdk0V+8Yzv6jR5Blk3TRmPL1ft69TxP0IMZGJ+WPFU2BFhww==",
      "requires": {
        "end-of-stream": "^1.1.0",
        "once": "^1.3.1"
      }
    },
    "punycode": {
      "version": "2.1.1",
      "resolved": "https://registry.npmjs.org/punycode/-/punycode-2.1.1.tgz",
      "integrity": "sha512-XRsRjdf+j5ml+y/6GKHPZbrF/8p2Yga0JPtdqTIY2Xe5ohJPD9saDJJLPvp9+NSBprVvevdXZybnj2cv8OEd0A=="
    },
    "semver": {
      "version": "5.7.0",
      "resolved": "https://registry.npmjs.org/semver/-/semver-5.7.0.tgz",
      "integrity": "sha512-Ya52jSX2u7QKghxeoFGpLwCtGlt7j0oY9DYb5apt9nPlJ42ID+ulTXESnt/qAQcoSERyZ5sl3LDIOw0nAn/5DA=="
    },
    "shebang-command": {
      "version": "1.2.0",
      "resolved": "https://registry.npmjs.org/shebang-command/-/shebang-command-1.2.0.tgz",
      "integrity": "sha1-RKrGW2lbAzmJaMOfNj/uXer98eo=",
      "requires": {
        "shebang-regex": "^1.0.0"
      }
    },
    "shebang-regex": {
      "version": "1.0.0",
      "resolved": "https://registry.npmjs.org/shebang-regex/-/shebang-regex-1.0.0.tgz",
      "integrity": "sha1-2kL0l0DAtC2yypcoVxyxkMmO/qM="
    },
    "signal-exit": {
      "version": "3.0.2",
      "resolved": "https://registry.npmjs.org/signal-exit/-/signal-exit-3.0.2.tgz",
      "integrity": "sha1-tf3AjxKH6hF4Yo5BXiUTK3NkbG0="
    },
    "slice-ansi": {
      "version": "2.1.0",
      "resolved": "https://registry.npmjs.org/slice-ansi/-/slice-ansi-2.1.0.tgz",
      "integrity": "sha512-Qu+VC3EwYLldKa1fCxuuvULvSJOKEgk9pi8dZeCVK7TqBfUNTH4sFkk4joj8afVSfAYgJoSOetjx9QWOJ5mYoQ==",
      "requires": {
        "ansi-styles": "^3.2.0",
        "astral-regex": "^1.0.0",
        "is-fullwidth-code-point": "^2.0.0"
      }
    },
    "source-map": {
      "version": "0.6.1",
      "resolved": "https://registry.npmjs.org/source-map/-/source-map-0.6.1.tgz",
      "integrity": "sha512-UjgapumWlbMhkBgzT7Ykc5YXUT46F0iKu8SGXq0bcwP5dz/h0Plj6enJqjz1Zbq2l5WaqYnrVbwWOWMyF3F47g=="
    },
    "stacktracey": {
      "version": "1.2.115",
      "resolved": "https://registry.npmjs.org/stacktracey/-/stacktracey-1.2.115.tgz",
      "integrity": "sha512-fgCBJ+eT3kBX/4TP3KwZGH8VycV48S5o2uy1gMseU50PS9a4Iymyidr1uJJmuS3j7jJKufcIDCKvPSAB7fKTWw==",
      "requires": {
        "as-table": "^1.0.36",
        "get-source": "^1.0.34"
      }
    },
    "string-width": {
      "version": "3.1.0",
      "resolved": "https://registry.npmjs.org/string-width/-/string-width-3.1.0.tgz",
      "integrity": "sha512-vafcv6KjVZKSgz06oM/H6GDBrAtz8vdhQakGjFIvNrHA6y3HCF1CInLy+QLq8dTJPQ1b+KDUqDFctkdRW44e1w==",
      "requires": {
        "emoji-regex": "^7.0.1",
        "is-fullwidth-code-point": "^2.0.0",
        "strip-ansi": "^5.1.0"
      }
    },
    "string.bullet": {
      "version": "1.0.12",
      "resolved": "https://registry.npmjs.org/string.bullet/-/string.bullet-1.0.12.tgz",
      "integrity": "sha1-tB/EF4UKV+QEK/PPNHtu7iV+4lM=",
      "requires": {
        "printable-characters": "^1.0.26"
      }
    },
    "string.ify": {
      "version": "1.0.61",
      "resolved": "https://registry.npmjs.org/string.ify/-/string.ify-1.0.61.tgz",
      "integrity": "sha512-ROVOYWN8B62bP1LUJIDK6/NooBrN8xIvpV8Ugssbw7Oa4YKJmiOeoEomhDLLRVpYHo0vOBCpEM8RFpxUk9KDIQ==",
      "requires": {
        "printable-characters": "^1.0.42",
        "string.bullet": "^1.0.12"
      }
    },
    "strip-ansi": {
      "version": "5.2.0",
      "resolved": "https://registry.npmjs.org/strip-ansi/-/strip-ansi-5.2.0.tgz",
      "integrity": "sha512-DuRs1gKbBqsMKIZlrffwlug8MHkcnpjs5VPmL1PAh+mA30U0DTotfDZ0d2UUsXpPmPmMMJ6W773MaA3J+lbiWA==",
      "requires": {
        "ansi-regex": "^4.1.0"
      }
    },
    "strip-eof": {
      "version": "1.0.0",
      "resolved": "https://registry.npmjs.org/strip-eof/-/strip-eof-1.0.0.tgz",
      "integrity": "sha1-u0P/VZim6wXYm1n80SnJgzE2Br8="
    },
    "table": {
      "version": "5.4.4",
      "resolved": "https://registry.npmjs.org/table/-/table-5.4.4.tgz",
      "integrity": "sha512-IIfEAUx5QlODLblLrGTTLJA7Tk0iLSGBvgY8essPRVNGHAzThujww1YqHLs6h3HfTg55h++RzLHH5Xw/rfv+mg==",
      "requires": {
        "ajv": "^6.10.2",
        "lodash": "^4.17.14",
        "slice-ansi": "^2.1.0",
        "string-width": "^3.0.0"
      }
    },
    "termux": {
      "version": "1.1.0",
      "resolved": "https://registry.npmjs.org/termux/-/termux-1.1.0.tgz",
      "integrity": "sha512-QTQtnNHu8qJOzOqSCMFwXgRoIfzXPOgqHk2GSwYbtmPBEcMuWr0qsuqFCe6sQuP8oeKLTwHKmW5J9nnkTiaDcQ==",
      "requires": {
        "dargs": "^6.0.0",
        "debug": "^4.1.0",
        "execa": "^1.0.0",
        "glob": "^7.1.3",
        "has-termux-api": "^1.0.0"
      }
    },
    "uri-js": {
      "version": "4.2.2",
      "resolved": "https://registry.npmjs.org/uri-js/-/uri-js-4.2.2.tgz",
      "integrity": "sha512-KY9Frmirql91X2Qgjry0Wd4Y+YTdrdZheS8TFwvkbLWf/G5KNJDCh6pKL5OZctEW4+0Baa5idK2ZQuELRwPznQ==",
      "requires": {
        "punycode": "^2.1.0"
      }
    },
    "which": {
      "version": "1.3.1",
      "resolved": "https://registry.npmjs.org/which/-/which-1.3.1.tgz",
      "integrity": "sha512-HxJdYWq1MTIQbJ3nw0cqssHoTNU267KlrDuGZ1WYlxDStUtKUhOaJmh112/TZmHxxUfuJqPXSOm7tDyas0OSIQ==",
      "requires": {
        "isexe": "^2.0.0"
      }
    },
    "wrappy": {
      "version": "1.0.2",
      "resolved": "https://registry.npmjs.org/wrappy/-/wrappy-1.0.2.tgz",
      "integrity": "sha1-tSQ9jz7BqjXxNkYFvA0QNuMKtp8="
    },
    "yahoo-stocks": {
      "version": "2.0.4",
      "resolved": "https://registry.npmjs.org/yahoo-stocks/-/yahoo-stocks-2.0.4.tgz",
      "integrity": "sha512-rSlzNXpVbQUuldZxfbJ61SAZzrWzSyLvniCnFz0y1mNh0rSoCNRQxgyYadxIClp98X8KRko0Dk1fhHpns9FAVw=="
    }
  }
}
